
Microsoft Visual Studio Solution File, Format Version 12.00
# Visual Studio 2013
VisualStudioVersion = 12.0.31101.0
MinimumVisualStudioVersion = 10.0.40219.1
Project("{FAE04EC0-301F-11D3-BF4B-00C04F79EFBC}") = "MongoToSql", "MongoToSql\MongoToSql.csproj", "{13D206EA-BF1B-4368-ADBD-7F8953497159}"
EndProject
Project("{FAE04EC0-301F-11D3-BF4B-00C04F79EFBC}") = "Application", "Application\Application.csproj", "{2F46EC61-3563-4911-B508-8BC7D3000BD7}"
EndProject
Project("{FAE04EC0-301F-11D3-BF4B-00C04F79EFBC}") = "PersonEntities", "PersonEntities\PersonEntities.csproj", "{A9CCFA6A-D4DF-4962-BE15-3A74A58D3284}"
EndProject
Global
	GlobalSection(SolutionConfigurationPlatforms) = preSolution
		Debug|Any CPU = Debug|Any CPU
		Release|Any CPU = Release|Any CPU
	EndGlobalSection
	GlobalSection(ProjectConfigurationPlatforms) = postSolution
		{13D206EA-BF1B-4368-ADBD-7F8953497159}.Debug|Any CPU.ActiveCfg = Debug|Any CPU
		{13D206EA-BF1B-4368-ADBD-7F8953497159}.Debug|Any CPU.Build.0 = Debug|Any CPU
		{13D206EA-BF1B-4368-ADBD-7F8953497159}.Release|Any CPU.ActiveCfg = Release|Any CPU
		{13D206EA-BF1B-4368-ADBD-7F8953497159}.Release|Any CPU.Build.0 = Release|Any CPU
		{2F46EC61-3563-4911-B508-8BC7D3000BD7}.Debug|Any CPU.ActiveCfg = Debug|Any CPU
		{2F46EC61-3563-4911-B508-8BC7D3000BD7}.Debug|Any CPU.Build.0 = Debug|Any CPU
		{2F46EC61-3563-4911-B508-8BC7D3000BD7}.Release|Any CPU.ActiveCfg = Release|Any CPU
		{2F46EC61-3563-4911-B508-8BC7D3000BD7}.Release|Any CPU.Build.0 = Release|Any CPU
		{A9CCFA6A-D4DF-4962-BE15-3A74A58D3284}.Debug|Any CPU.ActiveCfg = Debug|Any CPU
		{A9CCFA6A-D4DF-4962-BE15-3A74A58D3284}.Debug|Any CPU.Build.0 = Debug|Any CPU
		{A9CCFA6A-D4DF-4962-BE15-3A74A58D3284}.Release|Any CPU.ActiveCfg = Release|Any CPU
		{A9CCFA6A-D4DF-4962-BE15-3A74A58D3284}.Release|Any CPU.Build.0 = Release|Any CPU
	EndGlobalSection
	GlobalSection(SolutionProperties) = preSolution
		HideSolutionNode = FALSE
	EndGlobalSection
EndGlobal
