
Microsoft Visual Studio Solution File, Format Version 12.00
# Visual Studio 2013
VisualStudioVersion = 12.0.40629.0
MinimumVisualStudioVersion = 10.0.40219.1
Project("{FAE04EC0-301F-11D3-BF4B-00C04F79EFBC}") = "ConsoleUI", "ConsoleUI\ConsoleUI.csproj", "{2562259C-374C-430A-A393-416ABD1ABD42}"
EndProject
Project("{FAE04EC0-301F-11D3-BF4B-00C04F79EFBC}") = "CinemaNetwork.Models", "CinemaNetwork.Models\CinemaNetwork.Models.csproj", "{8F6E5670-884D-44BE-AC30-488C4918838D}"
EndProject
Project("{FAE04EC0-301F-11D3-BF4B-00C04F79EFBC}") = "RandomGenerator.Data", "RandomGenerator.Data\RandomGenerator.Data.csproj", "{2A2CCDF4-A4F7-4DB5-BC53-789908D7DCD6}"
EndProject
Project("{FAE04EC0-301F-11D3-BF4B-00C04F79EFBC}") = "Mongo.Controller", "Mongo.Controller\Mongo.Controller.csproj", "{51278B97-EED5-45D7-9B2F-6AD518A8FB1A}"
EndProject
Project("{FAE04EC0-301F-11D3-BF4B-00C04F79EFBC}") = "Pdf.Controller", "Pdf.Controller\Pdf.Controller.csproj", "{F207ACFB-5EC0-437B-8969-11854FA43E1A}"
EndProject
Project("{FAE04EC0-301F-11D3-BF4B-00C04F79EFBC}") = "Xml.Controller", "Xml.Controller\Xml.Controller.csproj", "{B004EA50-5311-48F6-A897-66BC71A676FC}"
EndProject
Project("{FAE04EC0-301F-11D3-BF4B-00C04F79EFBC}") = "XmlReporter.Generators", "XmlReporter.Generators\XmlReporter.Generators.csproj", "{AEDA35E6-918E-4C63-A40C-877FFFB11EE2}"
EndProject
Project("{FAE04EC0-301F-11D3-BF4B-00C04F79EFBC}") = "Json.Contorller", "Json.Contorller\Json.Contorller.csproj", "{4277C0FC-21F5-49B9-8C3B-A13EEF32DF32}"
EndProject
Global
	GlobalSection(SolutionConfigurationPlatforms) = preSolution
		Debug|Any CPU = Debug|Any CPU
		Release|Any CPU = Release|Any CPU
	EndGlobalSection
	GlobalSection(ProjectConfigurationPlatforms) = postSolution
		{2562259C-374C-430A-A393-416ABD1ABD42}.Debug|Any CPU.ActiveCfg = Debug|Any CPU
		{2562259C-374C-430A-A393-416ABD1ABD42}.Debug|Any CPU.Build.0 = Debug|Any CPU
		{2562259C-374C-430A-A393-416ABD1ABD42}.Release|Any CPU.ActiveCfg = Release|Any CPU
		{2562259C-374C-430A-A393-416ABD1ABD42}.Release|Any CPU.Build.0 = Release|Any CPU
		{8F6E5670-884D-44BE-AC30-488C4918838D}.Debug|Any CPU.ActiveCfg = Debug|Any CPU
		{8F6E5670-884D-44BE-AC30-488C4918838D}.Debug|Any CPU.Build.0 = Debug|Any CPU
		{8F6E5670-884D-44BE-AC30-488C4918838D}.Release|Any CPU.ActiveCfg = Release|Any CPU
		{8F6E5670-884D-44BE-AC30-488C4918838D}.Release|Any CPU.Build.0 = Release|Any CPU
		{2A2CCDF4-A4F7-4DB5-BC53-789908D7DCD6}.Debug|Any CPU.ActiveCfg = Debug|Any CPU
		{2A2CCDF4-A4F7-4DB5-BC53-789908D7DCD6}.Debug|Any CPU.Build.0 = Debug|Any CPU
		{2A2CCDF4-A4F7-4DB5-BC53-789908D7DCD6}.Release|Any CPU.ActiveCfg = Release|Any CPU
		{2A2CCDF4-A4F7-4DB5-BC53-789908D7DCD6}.Release|Any CPU.Build.0 = Release|Any CPU
		{51278B97-EED5-45D7-9B2F-6AD518A8FB1A}.Debug|Any CPU.ActiveCfg = Debug|Any CPU
		{51278B97-EED5-45D7-9B2F-6AD518A8FB1A}.Debug|Any CPU.Build.0 = Debug|Any CPU
		{51278B97-EED5-45D7-9B2F-6AD518A8FB1A}.Release|Any CPU.ActiveCfg = Release|Any CPU
		{51278B97-EED5-45D7-9B2F-6AD518A8FB1A}.Release|Any CPU.Build.0 = Release|Any CPU
		{F207ACFB-5EC0-437B-8969-11854FA43E1A}.Debug|Any CPU.ActiveCfg = Debug|Any CPU
		{F207ACFB-5EC0-437B-8969-11854FA43E1A}.Debug|Any CPU.Build.0 = Debug|Any CPU
		{F207ACFB-5EC0-437B-8969-11854FA43E1A}.Release|Any CPU.ActiveCfg = Release|Any CPU
		{F207ACFB-5EC0-437B-8969-11854FA43E1A}.Release|Any CPU.Build.0 = Release|Any CPU
		{B004EA50-5311-48F6-A897-66BC71A676FC}.Debug|Any CPU.ActiveCfg = Debug|Any CPU
		{B004EA50-5311-48F6-A897-66BC71A676FC}.Debug|Any CPU.Build.0 = Debug|Any CPU
		{B004EA50-5311-48F6-A897-66BC71A676FC}.Release|Any CPU.ActiveCfg = Release|Any CPU
		{B004EA50-5311-48F6-A897-66BC71A676FC}.Release|Any CPU.Build.0 = Release|Any CPU
		{AEDA35E6-918E-4C63-A40C-877FFFB11EE2}.Debug|Any CPU.ActiveCfg = Debug|Any CPU
		{AEDA35E6-918E-4C63-A40C-877FFFB11EE2}.Debug|Any CPU.Build.0 = Debug|Any CPU
		{AEDA35E6-918E-4C63-A40C-877FFFB11EE2}.Release|Any CPU.ActiveCfg = Release|Any CPU
		{AEDA35E6-918E-4C63-A40C-877FFFB11EE2}.Release|Any CPU.Build.0 = Release|Any CPU
		{4277C0FC-21F5-49B9-8C3B-A13EEF32DF32}.Debug|Any CPU.ActiveCfg = Debug|Any CPU
		{4277C0FC-21F5-49B9-8C3B-A13EEF32DF32}.Debug|Any CPU.Build.0 = Debug|Any CPU
		{4277C0FC-21F5-49B9-8C3B-A13EEF32DF32}.Release|Any CPU.ActiveCfg = Release|Any CPU
		{4277C0FC-21F5-49B9-8C3B-A13EEF32DF32}.Release|Any CPU.Build.0 = Release|Any CPU
	EndGlobalSection
	GlobalSection(SolutionProperties) = preSolution
		HideSolutionNode = FALSE
	EndGlobalSection
EndGlobal
